
Microsoft Visual Studio Solution File, Format Version 12.00
# Visual Studio Version 17
VisualStudioVersion = 17.6.33620.401
MinimumVisualStudioVersion = 10.0.40219.1
Project("{FAE04EC0-301F-11D3-BF4B-00C04F79EFBC}") = "Democratie", "Democratie\Democratie.csproj", "{919193AE-C400-4B9D-8F45-8242EADF855D}"
EndProject
Global
	GlobalSection(SolutionConfigurationPlatforms) = preSolution
		Debug|Any CPU = Debug|Any CPU
		Release|Any CPU = Release|Any CPU
	EndGlobalSection
	GlobalSection(ProjectConfigurationPlatforms) = postSolution
		{919193AE-C400-4B9D-8F45-8242EADF855D}.Debug|Any CPU.ActiveCfg = Debug|Any CPU
		{919193AE-C400-4B9D-8F45-8242EADF855D}.Debug|Any CPU.Build.0 = Debug|Any CPU
		{919193AE-C400-4B9D-8F45-8242EADF855D}.Release|Any CPU.ActiveCfg = Release|Any CPU
		{919193AE-C400-4B9D-8F45-8242EADF855D}.Release|Any CPU.Build.0 = Release|Any CPU
	EndGlobalSection
	GlobalSection(SolutionProperties) = preSolution
		HideSolutionNode = FALSE
	EndGlobalSection
	GlobalSection(ExtensibilityGlobals) = postSolution
		SolutionGuid = {C38DD790-B0B2-4D1D-9673-375AFD7AA44D}
	EndGlobalSection
EndGlobal
